Microsoft Visual Studio Solution File, Format Version 12.00
# Visual Studio Version 17
VisualStudioVersion = 17.5.2.0
MinimumVisualStudioVersion = 10.0.40219.1
Project("{FAE04EC0-301F-11D3-BF4B-00C04F79EFBC}") = "erd-dotnet", "src\erd-dotnet.csproj", "{8BE63267-4738-87B7-ECAB-353C99091C2C}"
EndProject
Project("{FAE04EC0-301F-11D3-BF4B-00C04F79EFBC}") = "Test", "test\Test.csproj", "{0A1E64AE-D0ED-E6EE-0445-2888C87C6BF3}"
EndProject
Global
	GlobalSection(SolutionConfigurationPlatforms) = preSolution
		Debug|Any CPU = Debug|Any CPU
		Release|Any CPU = Release|Any CPU
	EndGlobalSection
	GlobalSection(ProjectConfigurationPlatforms) = postSolution
		{8BE63267-4738-87B7-ECAB-353C99091C2C}.Debug|Any CPU.ActiveCfg = Debug|Any CPU
		{8BE63267-4738-87B7-ECAB-353C99091C2C}.Debug|Any CPU.Build.0 = Debug|Any CPU
		{8BE63267-4738-87B7-ECAB-353C99091C2C}.Release|Any CPU.ActiveCfg = Release|Any CPU
		{8BE63267-4738-87B7-ECAB-353C99091C2C}.Release|Any CPU.Build.0 = Release|Any CPU
		{0A1E64AE-D0ED-E6EE-0445-2888C87C6BF3}.Debug|Any CPU.ActiveCfg = Debug|Any CPU
		{0A1E64AE-D0ED-E6EE-0445-2888C87C6BF3}.Debug|Any CPU.Build.0 = Debug|Any CPU
		{0A1E64AE-D0ED-E6EE-0445-2888C87C6BF3}.Release|Any CPU.ActiveCfg = Release|Any CPU
		{0A1E64AE-D0ED-E6EE-0445-2888C87C6BF3}.Release|Any CPU.Build.0 = Release|Any CPUd
	EndGlobalSection
	GlobalSection(SolutionProperties) = preSolution
		HideSolutionNode = FALSE
	EndGlobalSection
	GlobalSection(ExtensibilityGlobals) = postSolution
		SolutionGuid = {7E969F4B-640A-4687-80FB-B89825152C2A}
	EndGlobalSection
EndGlobal
